{
  "nodes": {
    "emacsOverlay": {
      "inputs": {
        "flake-utils": "flake-utils",
        "nixpkgs": "nixpkgs",
        "nixpkgs-stable": "nixpkgs-stable"
      },
      "locked": {
        "lastModified": 1690710599,
        "narHash": "sha256-m1/eEWE3PlcA9xBw8y1Zc9uYfa8zlgts/+MziOmXops=",
        "owner": "nix-community",
        "repo": "emacs-overlay",
        "rev": "21a51e882f77a0866e530f9b29d61b292237b97a",
        "type": "github"
      },
      "original": {
        "owner": "nix-community",
        "repo": "emacs-overlay",
        "type": "github"
      }
    },
    "flake-utils": {
      "inputs": {
        "systems": "systems"
      },
      "locked": {
        "lastModified": 1689068808,
        "narHash": "sha256-6ixXo3wt24N/melDWjq70UuHQLxGV8jZvooRanIHXw0=",
        "owner": "numtide",
        "repo": "flake-utils",
        "rev": "919d646de7be200f3bf08cb76ae1f09402b6f9b4",
        "type": "github"
      },
      "original": {
        "owner": "numtide",
        "repo": "flake-utils",
        "type": "github"
      }
    },
    "home-manager": {
      "inputs": {
        "nixpkgs": [
          "nixpkgs"
        ]
      },
      "locked": {
        "lastModified": 1690652600,
        "narHash": "sha256-Dy09g7mezToVwtFPyY25fAx1hzqNXv73/QmY5/qyR44=",
        "owner": "nix-community",
        "repo": "home-manager",
        "rev": "f58889c07efa8e1328fdf93dc1796ec2a5c47f38",
        "type": "github"
      },
      "original": {
        "owner": "nix-community",
        "ref": "master",
        "repo": "home-manager",
        "type": "github"
      }
    },
    "musnix": {
      "inputs": {
        "nixpkgs": "nixpkgs_2"
      },
      "locked": {
        "lastModified": 1690426816,
        "narHash": "sha256-vvOrLE6LlBVYigA1gSrlkknFwfuq9qmLA4h6ubiJ22g=",
        "owner": "musnix",
        "repo": "musnix",
        "rev": "e651b06f8a3ac7d71486984100e8a79334da8329",
        "type": "github"
      },
      "original": {
        "owner": "musnix",
        "repo": "musnix",
        "type": "github"
      }
    },
    "nixpkgs": {
      "locked": {
        "lastModified": 1690548937,
        "narHash": "sha256-x3ZOPGLvtC0/+iFAg9Kvqm/8hTAIkGjc634SqtgaXTA=",
        "owner": "NixOS",
        "repo": "nixpkgs",
        "rev": "2a9d660ff0f7ffde9d73be328ee6e6f10ef66b28",
        "type": "github"
      },
      "original": {
        "owner": "NixOS",
        "ref": "nixos-unstable",
        "repo": "nixpkgs",
        "type": "github"
      }
    },
    "nixpkgs-stable": {
      "locked": {
        "lastModified": 1690558459,
        "narHash": "sha256-5W7y1l2cLYPkpJGNlAja7XW2X2o9rjf0O1mo9nxS9jQ=",
        "owner": "NixOS",
        "repo": "nixpkgs",
        "rev": "48e82fe1b1c863ee26a33ce9bd39621d2ada0a33",
        "type": "github"
      },
      "original": {
        "owner": "NixOS",
        "ref": "nixos-23.05",
        "repo": "nixpkgs",
        "type": "github"
      }
    },
    "nixpkgs_2": {
      "locked": {
        "lastModified": 1690272529,
        "narHash": "sha256-MakzcKXEdv/I4qJUtq/k/eG+rVmyOZLnYNC2w1mB59Y=",
        "owner": "NixOS",
        "repo": "nixpkgs",
        "rev": "ef99fa5c5ed624460217c31ac4271cfb5cb2502c",
        "type": "github"
      },
      "original": {
        "owner": "NixOS",
        "ref": "nixos-unstable",
        "repo": "nixpkgs",
        "type": "github"
      }
    },
    "nixpkgs_3": {
      "locked": {
        "lastModified": 1690548937,
        "narHash": "sha256-x3ZOPGLvtC0/+iFAg9Kvqm/8hTAIkGjc634SqtgaXTA=",
        "owner": "NixOS",
        "repo": "nixpkgs",
        "rev": "2a9d660ff0f7ffde9d73be328ee6e6f10ef66b28",
        "type": "github"
      },
      "original": {
        "owner": "NixOS",
        "ref": "nixos-unstable",
        "repo": "nixpkgs",
        "type": "github"
      }
    },
    "root": {
      "inputs": {
        "emacsOverlay": "emacsOverlay",
        "home-manager": "home-manager",
        "musnix": "musnix",
        "nixpkgs": "nixpkgs_3"
      }
    },
    "systems": {
      "locked": {
        "lastModified": 1681028828,
        "narHash": "sha256-Vy1rq5AaRuLzOxct8nz4T6wlgyUR7zLU309k9mBC768=",
        "owner": "nix-systems",
        "repo": "default",
        "rev": "da67096a3b9bf56a91d16901293e51ba5b49a27e",
        "type": "github"
      },
      "original": {
        "owner": "nix-systems",
        "repo": "default",
        "type": "github"
      }
    }
  },
  "root": "root",
  "version": 7
}
